{
  "name": "easywikidev",
  "version": "1.0.0",
  "lockfileVersion": 1,
  "requires": true,
  "dependencies": {
    "@wikimedia/types-wikimedia": {
      "version": "0.3.4",
      "resolved": "https://registry.npmjs.org/@wikimedia/types-wikimedia/-/types-wikimedia-0.3.4.tgz",
      "integrity": "sha512-pnMi/BL4SQHOKvSb/fq+K3nTfxYycOoEg4rKywbbSMq3yM62mmzZO6lZP3K2xIV/Ppi1Pg9erpdFkrudXcW2Qw=="
    }
  }
}
